// !$*UTF8*$!
{
	archiveVersion = 1;
	classes = {
	};
	objectVersion = 55;
	objects = {

/* Begin PBXBuildFile section */
		D314D5F327CF677E009369EF /* ViewControllerTests.swift in Sources */ = {isa = PBXBuildFile; fileRef = D314D5F227CF677E009369EF /* ViewControllerTests.swift */; };
		D314D5F527D1E7B3009369EF /* StringConstants.swift in Sources */ = {isa = PBXBuildFile; fileRef = D314D5F427D1E7B3009369EF /* StringConstants.swift */; };
		D343E45C27D9FE6800158E60 /* UIViewController+Extension.swift in Sources */ = {isa = PBXBuildFile; fileRef = D343E45B27D9FE6800158E60 /* UIViewController+Extension.swift */; };
		D394AD6327A159D300B49623 /* AppDelegate.swift in Sources */ = {isa = PBXBuildFile; fileRef = D394AD6227A159D300B49623 /* AppDelegate.swift */; };
		D394AD6527A159D300B49623 /* SceneDelegate.swift in Sources */ = {isa = PBXBuildFile; fileRef = D394AD6427A159D300B49623 /* SceneDelegate.swift */; };
		D394AD6727A159D300B49623 /* ViewController.swift in Sources */ = {isa = PBXBuildFile; fileRef = D394AD6627A159D300B49623 /* ViewController.swift */; };
		D394AD6A27A159D300B49623 /* Main.storyboard in Resources */ = {isa = PBXBuildFile; fileRef = D394AD6827A159D300B49623 /* Main.storyboard */; };
		D394AD6C27A159D500B49623 /* Assets.xcassets in Resources */ = {isa = PBXBuildFile; fileRef = D394AD6B27A159D500B49623 /* Assets.xcassets */; };
		D394AD6F27A159D500B49623 /* LaunchScreen.storyboard in Resources */ = {isa = PBXBuildFile; fileRef = D394AD6D27A159D500B49623 /* LaunchScreen.storyboard */; };
		D394AD7F27A1A5FF00B49623 /* URLConstants.swift in Sources */ = {isa = PBXBuildFile; fileRef = D394AD7E27A1A5FF00B49623 /* URLConstants.swift */; };
		D3BA15AA27B7E7CC007AA181 /* NetworkManager.swift in Sources */ = {isa = PBXBuildFile; fileRef = D3BA15A927B7E7CC007AA181 /* NetworkManager.swift */; };
		D3BAAFD827A6611A003387B1 /* IssuesModel.swift in Sources */ = {isa = PBXBuildFile; fileRef = D3BAAFD727A6611A003387B1 /* IssuesModel.swift */; };
		D3BAAFDB27A698F2003387B1 /* ComicTableViewCell.swift in Sources */ = {isa = PBXBuildFile; fileRef = D3BAAFDA27A698F2003387B1 /* ComicTableViewCell.swift */; };
		D3BAAFDE27A69AA4003387B1 /* ComicViewModel.swift in Sources */ = {isa = PBXBuildFile; fileRef = D3BAAFDC27A69AA3003387B1 /* ComicViewModel.swift */; };
		D3BAAFDF27A69AA4003387B1 /* ComicCellViewModel.swift in Sources */ = {isa = PBXBuildFile; fileRef = D3BAAFDD27A69AA4003387B1 /* ComicCellViewModel.swift */; };
		D3BAAFE627A6A423003387B1 /* UIImageView+Extensions.swift in Sources */ = {isa = PBXBuildFile; fileRef = D3BAAFE527A6A423003387B1 /* UIImageView+Extensions.swift */; };
		D3BAAFF527A7E200003387B1 /* ComicViewModelTests.swift in Sources */ = {isa = PBXBuildFile; fileRef = D3BAAFF427A7E200003387B1 /* ComicViewModelTests.swift */; };
		D3BAAFF727A7E2A8003387B1 /* ComicCellViewModelTests.swift in Sources */ = {isa = PBXBuildFile; fileRef = D3BAAFF627A7E2A8003387B1 /* ComicCellViewModelTests.swift */; };
		D3BAAFFD27A80B82003387B1 /* ResponseTestData.json in Resources */ = {isa = PBXBuildFile; fileRef = D3BAAFFC27A80B82003387B1 /* ResponseTestData.json */; };
		D3BAB00127A80DF0003387B1 /* XCTestCase.swift in Sources */ = {isa = PBXBuildFile; fileRef = D3BAB00027A80DEF003387B1 /* XCTestCase.swift */; };
/* End PBXBuildFile section */

/* Begin PBXContainerItemProxy section */
		D3BAAFEF27A7DFFE003387B1 /* PBXContainerItemProxy */ = {
			isa = PBXContainerItemProxy;
			containerPortal = D394AD5727A159D300B49623 /* Project object */;
			proxyType = 1;
			remoteGlobalIDString = D394AD5E27A159D300B49623;
			remoteInfo = MarvelComics;
		};
/* End PBXContainerItemProxy section */

/* Begin PBXFileReference section */
		D314D5F227CF677E009369EF /* ViewControllerTests.swift */ = {isa = PBXFileReference; lastKnownFileType = sourcecode.swift; path = ViewControllerTests.swift; sourceTree = "<group>"; };
		D314D5F427D1E7B3009369EF /* StringConstants.swift */ = {isa = PBXFileReference; lastKnownFileType = sourcecode.swift; path = StringConstants.swift; sourceTree = "<group>"; };
		D343E45B27D9FE6800158E60 /* UIViewController+Extension.swift */ = {isa = PBXFileReference; lastKnownFileType = sourcecode.swift; path = "UIViewController+Extension.swift"; sourceTree = "<group>"; };
		D394AD5F27A159D300B49623 /* MarvelComics.app */ = {isa = PBXFileReference; explicitFileType = wrapper.application; includeInIndex = 0; path = MarvelComics.app; sourceTree = BUILT_PRODUCTS_DIR; };
		D394AD6227A159D300B49623 /* AppDelegate.swift */ = {isa = PBXFileReference; lastKnownFileType = sourcecode.swift; path = AppDelegate.swift; sourceTree = "<group>"; };
		D394AD6427A159D300B49623 /* SceneDelegate.swift */ = {isa = PBXFileReference; lastKnownFileType = sourcecode.swift; path = SceneDelegate.swift; sourceTree = "<group>"; };
		D394AD6627A159D300B49623 /* ViewController.swift */ = {isa = PBXFileReference; lastKnownFileType = sourcecode.swift; path = ViewController.swift; sourceTree = "<group>"; };
		D394AD6927A159D300B49623 /* Base */ = {isa = PBXFileReference; lastKnownFileType = file.storyboard; name = Base; path = Base.lproj/Main.storyboard; sourceTree = "<group>"; };
		D394AD6B27A159D500B49623 /* Assets.xcassets */ = {isa = PBXFileReference; lastKnownFileType = folder.assetcatalog; path = Assets.xcassets; sourceTree = "<group>"; };
		D394AD6E27A159D500B49623 /* Base */ = {isa = PBXFileReference; lastKnownFileType = file.storyboard; name = Base; path = Base.lproj/LaunchScreen.storyboard; sourceTree = "<group>"; };
		D394AD7027A159D500B49623 /* Info.plist */ = {isa = PBXFileReference; lastKnownFileType = text.plist.xml; path = Info.plist; sourceTree = "<group>"; };
		D394AD7E27A1A5FF00B49623 /* URLConstants.swift */ = {isa = PBXFileReference; lastKnownFileType = sourcecode.swift; path = URLConstants.swift; sourceTree = "<group>"; };
		D3BA15A927B7E7CC007AA181 /* NetworkManager.swift */ = {isa = PBXFileReference; lastKnownFileType = sourcecode.swift; path = NetworkManager.swift; sourceTree = "<group>"; };
		D3BAAFD727A6611A003387B1 /* IssuesModel.swift */ = {isa = PBXFileReference; lastKnownFileType = sourcecode.swift; path = IssuesModel.swift; sourceTree = "<group>"; };
		D3BAAFDA27A698F2003387B1 /* ComicTableViewCell.swift */ = {isa = PBXFileReference; fileEncoding = 4; lastKnownFileType = sourcecode.swift; path = ComicTableViewCell.swift; sourceTree = "<group>"; };
		D3BAAFDC27A69AA3003387B1 /* ComicViewModel.swift */ = {isa = PBXFileReference; fileEncoding = 4; lastKnownFileType = sourcecode.swift; path = ComicViewModel.swift; sourceTree = "<group>"; };
		D3BAAFDD27A69AA4003387B1 /* ComicCellViewModel.swift */ = {isa = PBXFileReference; fileEncoding = 4; lastKnownFileType = sourcecode.swift; path = ComicCellViewModel.swift; sourceTree = "<group>"; };
		D3BAAFE527A6A423003387B1 /* UIImageView+Extensions.swift */ = {isa = PBXFileReference; lastKnownFileType = sourcecode.swift; path = "UIImageView+Extensions.swift"; sourceTree = "<group>"; };
		D3BAAFEB27A7DFFE003387B1 /* MarvelComicsTests.xctest */ = {isa = PBXFileReference; explicitFileType = wrapper.cfbundle; includeInIndex = 0; path = MarvelComicsTests.xctest; sourceTree = BUILT_PRODUCTS_DIR; };
		D3BAAFF427A7E200003387B1 /* ComicViewModelTests.swift */ = {isa = PBXFileReference; lastKnownFileType = sourcecode.swift; path = ComicViewModelTests.swift; sourceTree = "<group>"; };
		D3BAAFF627A7E2A8003387B1 /* ComicCellViewModelTests.swift */ = {isa = PBXFileReference; lastKnownFileType = sourcecode.swift; path = ComicCellViewModelTests.swift; sourceTree = "<group>"; };
		D3BAAFFC27A80B82003387B1 /* ResponseTestData.json */ = {isa = PBXFileReference; fileEncoding = 4; lastKnownFileType = text.json; path = ResponseTestData.json; sourceTree = "<group>"; };
		D3BAB00027A80DEF003387B1 /* XCTestCase.swift */ = {isa = PBXFileReference; lastKnownFileType = sourcecode.swift; path = XCTestCase.swift; sourceTree = "<group>"; };
/* End PBXFileReference section */

/* Begin PBXFrameworksBuildPhase section */
		D394AD5C27A159D300B49623 /* Frameworks */ = {
			isa = PBXFrameworksBuildPhase;
			buildActionMask = 2147483647;
			files = (
			);
			runOnlyForDeploymentPostprocessing = 0;
		};
		D3BAAFE827A7DFFE003387B1 /* Frameworks */ = {
			isa = PBXFrameworksBuildPhase;
			buildActionMask = 2147483647;
			files = (
			);
			runOnlyForDeploymentPostprocessing = 0;
		};
/* End PBXFrameworksBuildPhase section */

/* Begin PBXGroup section */
		D32837E827C073D7009A2C5F /* ComicCell */ = {
			isa = PBXGroup;
			children = (
				D3BAAFDD27A69AA4003387B1 /* ComicCellViewModel.swift */,
			);
			path = ComicCell;
			sourceTree = "<group>";
		};
		D32837E927C073EF009A2C5F /* Comic */ = {
			isa = PBXGroup;
			children = (
				D3BAAFDC27A69AA3003387B1 /* ComicViewModel.swift */,
			);
			path = Comic;
			sourceTree = "<group>";
		};
		D32837EA27C07416009A2C5F /* View */ = {
			isa = PBXGroup;
			children = (
				D394AD7827A15AA700B49623 /* ViewControllers */,
				D3BAAFD927A698D1003387B1 /* Custom Cells */,
				D394AD7927A15ABF00B49623 /* Storyboards */,
			);
			path = View;
			sourceTree = "<group>";
		};
		D32837EB27C07446009A2C5F /* ComicCell */ = {
			isa = PBXGroup;
			children = (
				D3BAAFDA27A698F2003387B1 /* ComicTableViewCell.swift */,
			);
			path = ComicCell;
			sourceTree = "<group>";
		};
		D32837EC27C074E5009A2C5F /* ViewController */ = {
			isa = PBXGroup;
			children = (
				D394AD6827A159D300B49623 /* Main.storyboard */,
			);
			path = ViewController;
			sourceTree = "<group>";
		};
		D394AD5627A159D300B49623 = {
			isa = PBXGroup;
			children = (
				D394AD6127A159D300B49623 /* MarvelComics */,
				D3BAAFEC27A7DFFE003387B1 /* MarvelComicsTests */,
				D394AD6027A159D300B49623 /* Products */,
			);
			sourceTree = "<group>";
		};
		D394AD6027A159D300B49623 /* Products */ = {
			isa = PBXGroup;
			children = (
				D394AD5F27A159D300B49623 /* MarvelComics.app */,
				D3BAAFEB27A7DFFE003387B1 /* MarvelComicsTests.xctest */,
			);
			name = Products;
			sourceTree = "<group>";
		};
		D394AD6127A159D300B49623 /* MarvelComics */ = {
			isa = PBXGroup;
			children = (
				D394AD7627A15A3400B49623 /* AppDelegate */,
				D394AD7727A15A8200B49623 /* SceneDelegate */,
				D3BAAFD627A660E5003387B1 /* Models */,
				D32837EA27C07416009A2C5F /* View */,
				D3BAAFE027A69C8D003387B1 /* ViewModels */,
				D3BAAFE427A6A3C9003387B1 /* Extensions */,
				D394AD7D27A1A5B900B49623 /* Constants */,
				D394AD7C27A196C900B49623 /* Helper */,
				D394AD7A27A15ACF00B49623 /* Resources */,
				D394AD7B27A15AE300B49623 /* Supporting Files */,
			);
			path = MarvelComics;
			sourceTree = "<group>";
		};
		D394AD7627A15A3400B49623 /* AppDelegate */ = {
			isa = PBXGroup;
			children = (
				D394AD6227A159D300B49623 /* AppDelegate.swift */,
			);
			path = AppDelegate;
			sourceTree = "<group>";
		};
		D394AD7727A15A8200B49623 /* SceneDelegate */ = {
			isa = PBXGroup;
			children = (
				D394AD6427A159D300B49623 /* SceneDelegate.swift */,
			);
			path = SceneDelegate;
			sourceTree = "<group>";
		};
		D394AD7827A15AA700B49623 /* ViewControllers */ = {
			isa = PBXGroup;
			children = (
				D394AD6627A159D300B49623 /* ViewController.swift */,
			);
			path = ViewControllers;
			sourceTree = "<group>";
		};
		D394AD7927A15ABF00B49623 /* Storyboards */ = {
			isa = PBXGroup;
			children = (
				D32837EC27C074E5009A2C5F /* ViewController */,
				D394AD6D27A159D500B49623 /* LaunchScreen.storyboard */,
			);
			path = Storyboards;
			sourceTree = "<group>";
		};
		D394AD7A27A15ACF00B49623 /* Resources */ = {
			isa = PBXGroup;
			children = (
				D394AD6B27A159D500B49623 /* Assets.xcassets */,
			);
			path = Resources;
			sourceTree = "<group>";
		};
		D394AD7B27A15AE300B49623 /* Supporting Files */ = {
			isa = PBXGroup;
			children = (
				D394AD7027A159D500B49623 /* Info.plist */,
			);
			path = "Supporting Files";
			sourceTree = "<group>";
		};
		D394AD7C27A196C900B49623 /* Helper */ = {
			isa = PBXGroup;
			children = (
				D3BA15A927B7E7CC007AA181 /* NetworkManager.swift */,
			);
			path = Helper;
			sourceTree = "<group>";
		};
		D394AD7D27A1A5B900B49623 /* Constants */ = {
			isa = PBXGroup;
			children = (
				D394AD7E27A1A5FF00B49623 /* URLConstants.swift */,
				D314D5F427D1E7B3009369EF /* StringConstants.swift */,
			);
			path = Constants;
			sourceTree = "<group>";
		};
		D3BAAFD627A660E5003387B1 /* Models */ = {
			isa = PBXGroup;
			children = (
				D3BAAFD727A6611A003387B1 /* IssuesModel.swift */,
			);
			path = Models;
			sourceTree = "<group>";
		};
		D3BAAFD927A698D1003387B1 /* Custom Cells */ = {
			isa = PBXGroup;
			children = (
				D32837EB27C07446009A2C5F /* ComicCell */,
			);
			path = "Custom Cells";
			sourceTree = "<group>";
		};
		D3BAAFE027A69C8D003387B1 /* ViewModels */ = {
			isa = PBXGroup;
			children = (
				D32837E827C073D7009A2C5F /* ComicCell */,
				D32837E927C073EF009A2C5F /* Comic */,
			);
			path = ViewModels;
			sourceTree = "<group>";
		};
		D3BAAFE427A6A3C9003387B1 /* Extensions */ = {
			isa = PBXGroup;
			children = (
				D3BAAFE527A6A423003387B1 /* UIImageView+Extensions.swift */,
				D343E45B27D9FE6800158E60 /* UIViewController+Extension.swift */,
			);
			path = Extensions;
			sourceTree = "<group>";
		};
		D3BAAFEC27A7DFFE003387B1 /* MarvelComicsTests */ = {
			isa = PBXGroup;
			children = (
				D3BAAFFF27A80DBA003387B1 /* Extension */,
				D3BAAFF827A80A0A003387B1 /* Stub */,
				D3BAAFFE27A80D88003387B1 /* TestCases */,
			);
			path = MarvelComicsTests;
			sourceTree = "<group>";
		};
		D3BAAFF827A80A0A003387B1 /* Stub */ = {
			isa = PBXGroup;
			children = (
				D3BAAFFC27A80B82003387B1 /* ResponseTestData.json */,
			);
			path = Stub;
			sourceTree = "<group>";
		};
		D3BAAFFE27A80D88003387B1 /* TestCases */ = {
			isa = PBXGroup;
			children = (
				D3BAAFF427A7E200003387B1 /* ComicViewModelTests.swift */,
				D3BAAFF627A7E2A8003387B1 /* ComicCellViewModelTests.swift */,
				D314D5F227CF677E009369EF /* ViewControllerTests.swift */,
			);
			path = TestCases;
			sourceTree = "<group>";
		};
		D3BAAFFF27A80DBA003387B1 /* Extension */ = {
			isa = PBXGroup;
			children = (
				D3BAB00027A80DEF003387B1 /* XCTestCase.swift */,
			);
			path = Extension;
			sourceTree = "<group>";
		};
/* End PBXGroup section */

/* Begin PBXNativeTarget section */
		D394AD5E27A159D300B49623 /* MarvelComics */ = {
			isa = PBXNativeTarget;
			buildConfigurationList = D394AD7327A159D500B49623 /* Build configuration list for PBXNativeTarget "MarvelComics" */;
			buildPhases = (
				D394AD5B27A159D300B49623 /* Sources */,
				D394AD5C27A159D300B49623 /* Frameworks */,
				D394AD5D27A159D300B49623 /* Resources */,
			);
			buildRules = (
			);
			dependencies = (
			);
			name = MarvelComics;
			productName = MarvelComics;
			productReference = D394AD5F27A159D300B49623 /* MarvelComics.app */;
			productType = "com.apple.product-type.application";
		};
		D3BAAFEA27A7DFFE003387B1 /* MarvelComicsTests */ = {
			isa = PBXNativeTarget;
			buildConfigurationList = D3BAAFF127A7DFFE003387B1 /* Build configuration list for PBXNativeTarget "MarvelComicsTests" */;
			buildPhases = (
				D3BAAFE727A7DFFE003387B1 /* Sources */,
				D3BAAFE827A7DFFE003387B1 /* Frameworks */,
				D3BAAFE927A7DFFE003387B1 /* Resources */,
			);
			buildRules = (
			);
			dependencies = (
				D3BAAFF027A7DFFE003387B1 /* PBXTargetDependency */,
			);
			name = MarvelComicsTests;
			productName = MarvelComicsTests;
			productReference = D3BAAFEB27A7DFFE003387B1 /* MarvelComicsTests.xctest */;
			productType = "com.apple.product-type.bundle.unit-test";
		};
/* End PBXNativeTarget section */

/* Begin PBXProject section */
		D394AD5727A159D300B49623 /* Project object */ = {
			isa = PBXProject;
			attributes = {
				BuildIndependentTargetsInParallel = 1;
				LastSwiftUpdateCheck = 1320;
				LastUpgradeCheck = 1320;
				TargetAttributes = {
					D394AD5E27A159D300B49623 = {
						CreatedOnToolsVersion = 13.2.1;
					};
					D3BAAFEA27A7DFFE003387B1 = {
						CreatedOnToolsVersion = 13.2.1;
						TestTargetID = D394AD5E27A159D300B49623;
					};
				};
			};
			buildConfigurationList = D394AD5A27A159D300B49623 /* Build configuration list for PBXProject "MarvelComics" */;
			compatibilityVersion = "Xcode 13.0";
			developmentRegion = en;
			hasScannedForEncodings = 0;
			knownRegions = (
				en,
				Base,
			);
			mainGroup = D394AD5627A159D300B49623;
			productRefGroup = D394AD6027A159D300B49623 /* Products */;
			projectDirPath = "";
			projectRoot = "";
			targets = (
				D394AD5E27A159D300B49623 /* MarvelComics */,
				D3BAAFEA27A7DFFE003387B1 /* MarvelComicsTests */,
			);
		};
/* End PBXProject section */

/* Begin PBXResourcesBuildPhase section */
		D394AD5D27A159D300B49623 /* Resources */ = {
			isa = PBXResourcesBuildPhase;
			buildActionMask = 2147483647;
			files = (
				D394AD6F27A159D500B49623 /* LaunchScreen.storyboard in Resources */,
				D394AD6C27A159D500B49623 /* Assets.xcassets in Resources */,
				D394AD6A27A159D300B49623 /* Main.storyboard in Resources */,
			);
			runOnlyForDeploymentPostprocessing = 0;
		};
		D3BAAFE927A7DFFE003387B1 /* Resources */ = {
			isa = PBXResourcesBuildPhase;
			buildActionMask = 2147483647;
			files = (
				D3BAAFFD27A80B82003387B1 /* ResponseTestData.json in Resources */,
			);
			runOnlyForDeploymentPostprocessing = 0;
		};
/* End PBXResourcesBuildPhase section */

/* Begin PBXSourcesBuildPhase section */
		D394AD5B27A159D300B49623 /* Sources */ = {
			isa = PBXSourcesBuildPhase;
			buildActionMask = 2147483647;
			files = (
				D343E45C27D9FE6800158E60 /* UIViewController+Extension.swift in Sources */,
				D3BAAFE627A6A423003387B1 /* UIImageView+Extensions.swift in Sources */,
				D314D5F527D1E7B3009369EF /* StringConstants.swift in Sources */,
				D394AD6727A159D300B49623 /* ViewController.swift in Sources */,
				D394AD7F27A1A5FF00B49623 /* URLConstants.swift in Sources */,
				D3BAAFDB27A698F2003387B1 /* ComicTableViewCell.swift in Sources */,
				D394AD6327A159D300B49623 /* AppDelegate.swift in Sources */,
				D3BA15AA27B7E7CC007AA181 /* NetworkManager.swift in Sources */,
				D3BAAFDE27A69AA4003387B1 /* ComicViewModel.swift in Sources */,
				D394AD6527A159D300B49623 /* SceneDelegate.swift in Sources */,
				D3BAAFD827A6611A003387B1 /* IssuesModel.swift in Sources */,
				D3BAAFDF27A69AA4003387B1 /* ComicCellViewModel.swift in Sources */,
			);
			runOnlyForDeploymentPostprocessing = 0;
		};
		D3BAAFE727A7DFFE003387B1 /* Sources */ = {
			isa = PBXSourcesBuildPhase;
			buildActionMask = 2147483647;
			files = (
				D3BAAFF727A7E2A8003387B1 /* ComicCellViewModelTests.swift in Sources */,
				D3BAB00127A80DF0003387B1 /* XCTestCase.swift in Sources */,
				D314D5F327CF677E009369EF /* ViewControllerTests.swift in Sources */,
				D3BAAFF527A7E200003387B1 /* ComicViewModelTests.swift in Sources */,
			);
			runOnlyForDeploymentPostprocessing = 0;
		};
/* End PBXSourcesBuildPhase section */

/* Begin PBXTargetDependency section */
		D3BAAFF027A7DFFE003387B1 /* PBXTargetDependency */ = {
			isa = PBXTargetDependency;
			target = D394AD5E27A159D300B49623 /* MarvelComics */;
			targetProxy = D3BAAFEF27A7DFFE003387B1 /* PBXContainerItemProxy */;
		};
/* End PBXTargetDependency section */

/* Begin PBXVariantGroup section */
		D394AD6827A159D300B49623 /* Main.storyboard */ = {
			isa = PBXVariantGroup;
			children = (
				D394AD6927A159D300B49623 /* Base */,
			);
			name = Main.storyboard;
			sourceTree = "<group>";
		};
		D394AD6D27A159D500B49623 /* LaunchScreen.storyboard */ = {
			isa = PBXVariantGroup;
			children = (
				D394AD6E27A159D500B49623 /* Base */,
			);
			name = LaunchScreen.storyboard;
			sourceTree = "<group>";
		};
/* End PBXVariantGroup section */

/* Begin XCBuildConfiguration section */
		D394AD7127A159D500B49623 /* Debug */ = {
			isa = XCBuildConfiguration;
			buildSettings = {
				ALWAYS_SEARCH_USER_PATHS = NO;
				CLANG_ANALYZER_NONNULL = YES;
				CLANG_ANALYZER_NUMBER_OBJECT_CONVERSION = YES_AGGRESSIVE;
				CLANG_CXX_LANGUAGE_STANDARD = "gnu++17";
				CLANG_CXX_LIBRARY = "libc++";
				CLANG_ENABLE_MODULES = YES;
				CLANG_ENABLE_OBJC_ARC = YES;
				CLANG_ENABLE_OBJC_WEAK = YES;
				CLANG_WARN_BLOCK_CAPTURE_AUTORELEASING = YES;
				CLANG_WARN_BOOL_CONVERSION = YES;
				CLANG_WARN_COMMA = YES;
				CLANG_WARN_CONSTANT_CONVERSION = YES;
				CLANG_WARN_DEPRECATED_OBJC_IMPLEMENTATIONS = YES;
				CLANG_WARN_DIRECT_OBJC_ISA_USAGE = YES_ERROR;
				CLANG_WARN_DOCUMENTATION_COMMENTS = YES;
				CLANG_WARN_EMPTY_BODY = YES;
				CLANG_WARN_ENUM_CONVERSION = YES;
				CLANG_WARN_INFINITE_RECURSION = YES;
				CLANG_WARN_INT_CONVERSION = YES;
				CLANG_WARN_NON_LITERAL_NULL_CONVERSION = YES;
				CLANG_WARN_OBJC_IMPLICIT_RETAIN_SELF = YES;
				CLANG_WARN_OBJC_LITERAL_CONVERSION = YES;
				CLANG_WARN_OBJC_ROOT_CLASS = YES_ERROR;
				CLANG_WARN_QUOTED_INCLUDE_IN_FRAMEWORK_HEADER = YES;
				CLANG_WARN_RANGE_LOOP_ANALYSIS = YES;
				CLANG_WARN_STRICT_PROTOTYPES = YES;
				CLANG_WARN_SUSPICIOUS_MOVE = YES;
				CLANG_WARN_UNGUARDED_AVAILABILITY = YES_AGGRESSIVE;
				CLANG_WARN_UNREACHABLE_CODE = YES;
				CLANG_WARN__DUPLICATE_METHOD_MATCH = YES;
				COPY_PHASE_STRIP = NO;
				DEBUG_INFORMATION_FORMAT = dwarf;
				ENABLE_STRICT_OBJC_MSGSEND = YES;
				ENABLE_TESTABILITY = YES;
				GCC_C_LANGUAGE_STANDARD = gnu11;
				GCC_DYNAMIC_NO_PIC = NO;
				GCC_NO_COMMON_BLOCKS = YES;
				GCC_OPTIMIZATION_LEVEL = 0;
				GCC_PREPROCESSOR_DEFINITIONS = (
					"DEBUG=1",
					"$(inherited)",
				);
				GCC_WARN_64_TO_32_BIT_CONVERSION = YES;
				GCC_WARN_ABOUT_RETURN_TYPE = YES_ERROR;
				GCC_WARN_UNDECLARED_SELECTOR = YES;
				GCC_WARN_UNINITIALIZED_AUTOS = YES_AGGRESSIVE;
				GCC_WARN_UNUSED_FUNCTION = YES;
				GCC_WARN_UNUSED_VARIABLE = YES;
				IPHONEOS_DEPLOYMENT_TARGET = 15.2;
				MTL_ENABLE_DEBUG_INFO = INCLUDE_SOURCE;
				MTL_FAST_MATH = YES;
				ONLY_ACTIVE_ARCH = YES;
				SDKROOT = iphoneos;
				SWIFT_ACTIVE_COMPILATION_CONDITIONS = DEBUG;
				SWIFT_OPTIMIZATION_LEVEL = "-Onone";
			};
			name = Debug;
		};
		D394AD7227A159D500B49623 /* Release */ = {
			isa = XCBuildConfiguration;
			buildSettings = {
				ALWAYS_SEARCH_USER_PATHS = NO;
				CLANG_ANALYZER_NONNULL = YES;
				CLANG_ANALYZER_NUMBER_OBJECT_CONVERSION = YES_AGGRESSIVE;
				CLANG_CXX_LANGUAGE_STANDARD = "gnu++17";
				CLANG_CXX_LIBRARY = "libc++";
				CLANG_ENABLE_MODULES = YES;
				CLANG_ENABLE_OBJC_ARC = YES;
				CLANG_ENABLE_OBJC_WEAK = YES;
				CLANG_WARN_BLOCK_CAPTURE_AUTORELEASING = YES;
				CLANG_WARN_BOOL_CONVERSION = YES;
				CLANG_WARN_COMMA = YES;
				CLANG_WARN_CONSTANT_CONVERSION = YES;
				CLANG_WARN_DEPRECATED_OBJC_IMPLEMENTATIONS = YES;
				CLANG_WARN_DIRECT_OBJC_ISA_USAGE = YES_ERROR;
				CLANG_WARN_DOCUMENTATION_COMMENTS = YES;
				CLANG_WARN_EMPTY_BODY = YES;
				CLANG_WARN_ENUM_CONVERSION = YES;
				CLANG_WARN_INFINITE_RECURSION = YES;
				CLANG_WARN_INT_CONVERSION = YES;
				CLANG_WARN_NON_LITERAL_NULL_CONVERSION = YES;
				CLANG_WARN_OBJC_IMPLICIT_RETAIN_SELF = YES;
				CLANG_WARN_OBJC_LITERAL_CONVERSION = YES;
				CLANG_WARN_OBJC_ROOT_CLASS = YES_ERROR;
				CLANG_WARN_QUOTED_INCLUDE_IN_FRAMEWORK_HEADER = YES;
				CLANG_WARN_RANGE_LOOP_ANALYSIS = YES;
				CLANG_WARN_STRICT_PROTOTYPES = YES;
				CLANG_WARN_SUSPICIOUS_MOVE = YES;
				CLANG_WARN_UNGUARDED_AVAILABILITY = YES_AGGRESSIVE;
				CLANG_WARN_UNREACHABLE_CODE = YES;
				CLANG_WARN__DUPLICATE_METHOD_MATCH = YES;
				COPY_PHASE_STRIP = NO;
				DEBUG_INFORMATION_FORMAT = "dwarf-with-dsym";
				ENABLE_NS_ASSERTIONS = NO;
				ENABLE_STRICT_OBJC_MSGSEND = YES;
				GCC_C_LANGUAGE_STANDARD = gnu11;
				GCC_NO_COMMON_BLOCKS = YES;
				GCC_WARN_64_TO_32_BIT_CONVERSION = YES;
				GCC_WARN_ABOUT_RETURN_TYPE = YES_ERROR;
				GCC_WARN_UNDECLARED_SELECTOR = YES;
				GCC_WARN_UNINITIALIZED_AUTOS = YES_AGGRESSIVE;
				GCC_WARN_UNUSED_FUNCTION = YES;
				GCC_WARN_UNUSED_VARIABLE = YES;
				IPHONEOS_DEPLOYMENT_TARGET = 15.2;
				MTL_ENABLE_DEBUG_INFO = NO;
				MTL_FAST_MATH = YES;
				SDKROOT = iphoneos;
				SWIFT_COMPILATION_MODE = wholemodule;
				SWIFT_OPTIMIZATION_LEVEL = "-O";
				VALIDATE_PRODUCT = YES;
			};
			name = Release;
		};
		D394AD7427A159D500B49623 /* Debug */ = {
			isa = XCBuildConfiguration;
			buildSettings = {
				ASSETCATALOG_COMPILER_APPICON_NAME = AppIcon;
				ASSETCATALOG_COMPILER_GLOBAL_ACCENT_COLOR_NAME = AccentColor;
				CODE_SIGN_STYLE = Automatic;
				CURRENT_PROJECT_VERSION = 1;
				DEVELOPMENT_TEAM = 6F38G3LJB8;
				GENERATE_INFOPLIST_FILE = YES;
				INFOPLIST_FILE = "MarvelComics/Supporting Files/Info.plist";
				INFOPLIST_KEY_UIApplicationSupportsIndirectInputEvents = YES;
				INFOPLIST_KEY_UILaunchStoryboardName = LaunchScreen;
				INFOPLIST_KEY_UIMainStoryboardFile = Main;
				INFOPLIST_KEY_UISupportedInterfaceOrientations = UIInterfaceOrientationPortrait;
				INFOPLIST_KEY_UISupportedInterfaceOrientations_iPad = "UIInterfaceOrientationPortrait UIInterfaceOrientationPortraitUpsideDown UIInterfaceOrientationLandscapeLeft UIInterfaceOrientationLandscapeRight";
				INFOPLIST_KEY_UISupportedInterfaceOrientations_iPhone = "UIInterfaceOrientationPortrait UIInterfaceOrientationLandscapeLeft UIInterfaceOrientationLandscapeRight";
				LD_RUNPATH_SEARCH_PATHS = (
					"$(inherited)",
					"@executable_path/Frameworks",
				);
				MARKETING_VERSION = 1.0;
				PRODUCT_BUNDLE_IDENTIFIER = com.sdp.Assignments.MarvelComics;
				PRODUCT_NAME = "$(TARGET_NAME)";
				SWIFT_EMIT_LOC_STRINGS = YES;
				SWIFT_VERSION = 5.0;
				TARGETED_DEVICE_FAMILY = 1;
			};
			name = Debug;
		};
		D394AD7527A159D500B49623 /* Release */ = {
			isa = XCBuildConfiguration;
			buildSettings = {
				ASSETCATALOG_COMPILER_APPICON_NAME = AppIcon;
				ASSETCATALOG_COMPILER_GLOBAL_ACCENT_COLOR_NAME = AccentColor;
				CODE_SIGN_STYLE = Automatic;
				CURRENT_PROJECT_VERSION = 1;
				DEVELOPMENT_TEAM = 6F38G3LJB8;
				GENERATE_INFOPLIST_FILE = YES;
				INFOPLIST_FILE = "MarvelComics/Supporting Files/Info.plist";
				INFOPLIST_KEY_UIApplicationSupportsIndirectInputEvents = YES;
				INFOPLIST_KEY_UILaunchStoryboardName = LaunchScreen;
				INFOPLIST_KEY_UIMainStoryboardFile = Main;
				INFOPLIST_KEY_UISupportedInterfaceOrientations = UIInterfaceOrientationPortrait;
				INFOPLIST_KEY_UISupportedInterfaceOrientations_iPad = "UIInterfaceOrientationPortrait UIInterfaceOrientationPortraitUpsideDown UIInterfaceOrientationLandscapeLeft UIInterfaceOrientationLandscapeRight";
				INFOPLIST_KEY_UISupportedInterfaceOrientations_iPhone = "UIInterfaceOrientationPortrait UIInterfaceOrientationLandscapeLeft UIInterfaceOrientationLandscapeRight";
				LD_RUNPATH_SEARCH_PATHS = (
					"$(inherited)",
					"@executable_path/Frameworks",
				);
				MARKETING_VERSION = 1.0;
				PRODUCT_BUNDLE_IDENTIFIER = com.sdp.Assignments.MarvelComics;
				PRODUCT_NAME = "$(TARGET_NAME)";
				SWIFT_EMIT_LOC_STRINGS = YES;
				SWIFT_VERSION = 5.0;
				TARGETED_DEVICE_FAMILY = 1;
			};
			name = Release;
		};
		D3BAAFF227A7DFFE003387B1 /* Debug */ = {
			isa = XCBuildConfiguration;
			buildSettings = {
				BUNDLE_LOADER = "$(TEST_HOST)";
				CODE_SIGN_STYLE = Automatic;
				CURRENT_PROJECT_VERSION = 1;
				DEVELOPMENT_TEAM = 6F38G3LJB8;
				GENERATE_INFOPLIST_FILE = YES;
				MARKETING_VERSION = 1.0;
				PRODUCT_BUNDLE_IDENTIFIER = com.sdp.Assignments.MarvelComicsTests;
				PRODUCT_NAME = "$(TARGET_NAME)";
				SWIFT_EMIT_LOC_STRINGS = NO;
				SWIFT_VERSION = 5.0;
				TARGETED_DEVICE_FAMILY = "1,2";
				TEST_HOST = "$(BUILT_PRODUCTS_DIR)/MarvelComics.app/MarvelComics";
			};
			name = Debug;
		};
		D3BAAFF327A7DFFE003387B1 /* Release */ = {
			isa = XCBuildConfiguration;
			buildSettings = {
				BUNDLE_LOADER = "$(TEST_HOST)";
				CODE_SIGN_STYLE = Automatic;
				CURRENT_PROJECT_VERSION = 1;
				DEVELOPMENT_TEAM = 6F38G3LJB8;
				GENERATE_INFOPLIST_FILE = YES;
				MARKETING_VERSION = 1.0;
				PRODUCT_BUNDLE_IDENTIFIER = com.sdp.Assignments.MarvelComicsTests;
				PRODUCT_NAME = "$(TARGET_NAME)";
				SWIFT_EMIT_LOC_STRINGS = NO;
				SWIFT_VERSION = 5.0;
				TARGETED_DEVICE_FAMILY = "1,2";
				TEST_HOST = "$(BUILT_PRODUCTS_DIR)/MarvelComics.app/MarvelComics";
			};
			name = Release;
		};
/* End XCBuildConfiguration section */

/* Begin XCConfigurationList section */
		D394AD5A27A159D300B49623 /* Build configuration list for PBXProject "MarvelComics" */ = {
			isa = XCConfigurationList;
			buildConfigurations = (
				D394AD7127A159D500B49623 /* Debug */,
				D394AD7227A159D500B49623 /* Release */,
			);
			defaultConfigurationIsVisible = 0;
			defaultConfigurationName = Release;
		};
		D394AD7327A159D500B49623 /* Build configuration list for PBXNativeTarget "MarvelComics" */ = {
			isa = XCConfigurationList;
			buildConfigurations = (
				D394AD7427A159D500B49623 /* Debug */,
				D394AD7527A159D500B49623 /* Release */,
			);
			defaultConfigurationIsVisible = 0;
			defaultConfigurationName = Release;
		};
		D3BAAFF127A7DFFE003387B1 /* Build configuration list for PBXNativeTarget "MarvelComicsTests" */ = {
			isa = XCConfigurationList;
			buildConfigurations = (
				D3BAAFF227A7DFFE003387B1 /* Debug */,
				D3BAAFF327A7DFFE003387B1 /* Release */,
			);
			defaultConfigurationIsVisible = 0;
			defaultConfigurationName = Release;
		};
/* End XCConfigurationList section */
	};
	rootObject = D394AD5727A159D300B49623 /* Project object */;
}
